
Microsoft Visual Studio Solution File, Format Version 12.00
# Visual Studio Version 16
VisualStudioVersion = 16.0.30413.136
MinimumVisualStudioVersion = 10.0.40219.1
Project("{8BC9CEB8-8B4A-11D0-8D11-00A0C91BC942}") = "Game2dApiLib", "Game2dApiLib\Game2dApiLib.vcxproj", "{28DE3F9C-467E-4E46-ABDE-78153C43C79E}"
EndProject
Project("{8BC9CEB8-8B4A-11D0-8D11-00A0C91BC942}") = "SdlGame2dApiLib", "SdlGame2dApiLib\SdlGame2dApiLib.vcxproj", "{A7003730-872E-4AD5-829E-CD1F79C14393}"
EndProject
Project("{8BC9CEB8-8B4A-11D0-8D11-00A0C91BC942}") = "TesteTerminal", "TesteTerminal\TesteTerminal.vcxproj", "{5B05EF47-7B82-46CA-ADBB-E45D948D3C9E}"
EndProject
Project("{8BC9CEB8-8B4A-11D0-8D11-00A0C91BC942}") = "TerminalGame2dApiLib", "TerminalGame2dApiLib\TerminalGame2dApiLib.vcxproj", "{D4CFC01E-7903-4031-AB27-AED1F0F0DA76}"
EndProject
Project("{8BC9CEB8-8B4A-11D0-8D11-00A0C91BC942}") = "TesteSdl", "TesteSdl\TesteSdl.vcxproj", "{217548D7-8696-439A-8AB8-95DB50D6F408}"
EndProject
Global
	GlobalSection(SolutionConfigurationPlatforms) = preSolution
		Debug|x64 = Debug|x64
		Debug|x86 = Debug|x86
		Release|x64 = Release|x64
		Release|x86 = Release|x86
	EndGlobalSection
	GlobalSection(ProjectConfigurationPlatforms) = postSolution
		{28DE3F9C-467E-4E46-ABDE-78153C43C79E}.Debug|x64.ActiveCfg = Debug|x64
		{28DE3F9C-467E-4E46-ABDE-78153C43C79E}.Debug|x64.Build.0 = Debug|x64
		{28DE3F9C-467E-4E46-ABDE-78153C43C79E}.Debug|x86.ActiveCfg = Debug|Win32
		{28DE3F9C-467E-4E46-ABDE-78153C43C79E}.Debug|x86.Build.0 = Debug|Win32
		{28DE3F9C-467E-4E46-ABDE-78153C43C79E}.Release|x64.ActiveCfg = Release|x64
		{28DE3F9C-467E-4E46-ABDE-78153C43C79E}.Release|x64.Build.0 = Release|x64
		{28DE3F9C-467E-4E46-ABDE-78153C43C79E}.Release|x86.ActiveCfg = Release|Win32
		{28DE3F9C-467E-4E46-ABDE-78153C43C79E}.Release|x86.Build.0 = Release|Win32
		{A7003730-872E-4AD5-829E-CD1F79C14393}.Debug|x64.ActiveCfg = Debug|x64
		{A7003730-872E-4AD5-829E-CD1F79C14393}.Debug|x64.Build.0 = Debug|x64
		{A7003730-872E-4AD5-829E-CD1F79C14393}.Debug|x86.ActiveCfg = Debug|Win32
		{A7003730-872E-4AD5-829E-CD1F79C14393}.Debug|x86.Build.0 = Debug|Win32
		{A7003730-872E-4AD5-829E-CD1F79C14393}.Release|x64.ActiveCfg = Release|x64
		{A7003730-872E-4AD5-829E-CD1F79C14393}.Release|x64.Build.0 = Release|x64
		{A7003730-872E-4AD5-829E-CD1F79C14393}.Release|x86.ActiveCfg = Release|Win32
		{A7003730-872E-4AD5-829E-CD1F79C14393}.Release|x86.Build.0 = Release|Win32
		{5B05EF47-7B82-46CA-ADBB-E45D948D3C9E}.Debug|x64.ActiveCfg = Debug|x64
		{5B05EF47-7B82-46CA-ADBB-E45D948D3C9E}.Debug|x64.Build.0 = Debug|x64
		{5B05EF47-7B82-46CA-ADBB-E45D948D3C9E}.Debug|x86.ActiveCfg = Debug|Win32
		{5B05EF47-7B82-46CA-ADBB-E45D948D3C9E}.Debug|x86.Build.0 = Debug|Win32
		{5B05EF47-7B82-46CA-ADBB-E45D948D3C9E}.Release|x64.ActiveCfg = Release|x64
		{5B05EF47-7B82-46CA-ADBB-E45D948D3C9E}.Release|x64.Build.0 = Release|x64
		{5B05EF47-7B82-46CA-ADBB-E45D948D3C9E}.Release|x86.ActiveCfg = Release|Win32
		{5B05EF47-7B82-46CA-ADBB-E45D948D3C9E}.Release|x86.Build.0 = Release|Win32
		{D4CFC01E-7903-4031-AB27-AED1F0F0DA76}.Debug|x64.ActiveCfg = Debug|x64
		{D4CFC01E-7903-4031-AB27-AED1F0F0DA76}.Debug|x64.Build.0 = Debug|x64
		{D4CFC01E-7903-4031-AB27-AED1F0F0DA76}.Debug|x86.ActiveCfg = Debug|Win32
		{D4CFC01E-7903-4031-AB27-AED1F0F0DA76}.Debug|x86.Build.0 = Debug|Win32
		{D4CFC01E-7903-4031-AB27-AED1F0F0DA76}.Release|x64.ActiveCfg = Release|x64
		{D4CFC01E-7903-4031-AB27-AED1F0F0DA76}.Release|x64.Build.0 = Release|x64
		{D4CFC01E-7903-4031-AB27-AED1F0F0DA76}.Release|x86.ActiveCfg = Release|Win32
		{D4CFC01E-7903-4031-AB27-AED1F0F0DA76}.Release|x86.Build.0 = Release|Win32
		{217548D7-8696-439A-8AB8-95DB50D6F408}.Debug|x64.ActiveCfg = Debug|x64
		{217548D7-8696-439A-8AB8-95DB50D6F408}.Debug|x64.Build.0 = Debug|x64
		{217548D7-8696-439A-8AB8-95DB50D6F408}.Debug|x86.ActiveCfg = Debug|Win32
		{217548D7-8696-439A-8AB8-95DB50D6F408}.Debug|x86.Build.0 = Debug|Win32
		{217548D7-8696-439A-8AB8-95DB50D6F408}.Release|x64.ActiveCfg = Release|x64
		{217548D7-8696-439A-8AB8-95DB50D6F408}.Release|x64.Build.0 = Release|x64
		{217548D7-8696-439A-8AB8-95DB50D6F408}.Release|x86.ActiveCfg = Release|Win32
		{217548D7-8696-439A-8AB8-95DB50D6F408}.Release|x86.Build.0 = Release|Win32
	EndGlobalSection
	GlobalSection(SolutionProperties) = preSolution
		HideSolutionNode = FALSE
	EndGlobalSection
	GlobalSection(ExtensibilityGlobals) = postSolution
		SolutionGuid = {E12B6F80-1FA7-42A0-953E-6A6CC022D2A8}
	EndGlobalSection
EndGlobal
